<?xml version="1.0" encoding="utf-8"?>
<Project ToolsVersion="4.0" xmlns="http://schemas.microsoft.com/developer/msbuild/2003">
  <ItemGroup>
    <Filter Include="pch">
      <UniqueIdentifier>{42b6ef04-69db-495c-9763-5cb009abf414}</UniqueIdentifier>
    </Filter>
    <Filter Include="Proxy">
      <UniqueIdentifier>{436bb897-eb78-4915-81c4-48c3602b8d57}</UniqueIdentifier>
    </Filter>
    <Filter Include="FullUrl">
      <UniqueIdentifier>{bb42c1f1-9477-4b6b-8804-aa5f987dddc0}</UniqueIdentifier>
    </Filter>
    <Filter Include="Api">
      <UniqueIdentifier>{1bef27a1-ad91-4502-9d8b-04d1e4c661d9}</UniqueIdentifier>
    </Filter>
    <Filter Include="Api\ApiPath">
      <UniqueIdentifier>{00d2831b-39f0-4114-ada4-df6156f4f6c5}</UniqueIdentifier>
    </Filter>
  </ItemGroup>
  <ItemGroup>
    <ClInclude Include="pch\stdafx.h">
      <Filter>pch</Filter>
    </ClInclude>
    <ClInclude Include="header\RegionalEndpoint.h">
      <Filter>Proxy</Filter>
    </ClInclude>
    <ClInclude Include="header\FullUrl.h">
      <Filter>FullUrl</Filter>
    </ClInclude>
    <ClInclude Include="header\ApiPath.h">
      <Filter>Api\ApiPath</Filter>
    </ClInclude>
    <ClInclude Include="header\ApiType.h">
      <Filter>Api</Filter>
    </ClInclude>
  </ItemGroup>
  <ItemGroup>
    <ClCompile Include="pch\stdafx.cpp">
      <Filter>pch</Filter>
    </ClCompile>
    <ClCompile Include="src\RegionalEndpoint.cpp">
      <Filter>Proxy</Filter>
    </ClCompile>
    <ClCompile Include="src\FullUrl.cpp">
      <Filter>FullUrl</Filter>
    </ClCompile>
    <ClCompile Include="src\ApiPath.cpp">
      <Filter>Api\ApiPath</Filter>
    </ClCompile>
  </ItemGroup>
</Project>