<?xml version="1.0" encoding="utf-8"?>
<Project ToolsVersion="4.0" xmlns="http://schemas.microsoft.com/developer/msbuild/2003">
  <ItemGroup>
    <Filter Include="pch">
      <UniqueIdentifier>{42b6ef04-69db-495c-9763-5cb009abf414}</UniqueIdentifier>
    </Filter>
    <Filter Include="ApiUrl">
      <UniqueIdentifier>{bb42c1f1-9477-4b6b-8804-aa5f987dddc0}</UniqueIdentifier>
    </Filter>
    <Filter Include="Proxy">
      <UniqueIdentifier>{436bb897-eb78-4915-81c4-48c3602b8d57}</UniqueIdentifier>
    </Filter>
  </ItemGroup>
  <ItemGroup>
    <ClInclude Include="header\ApiUrl.h">
      <Filter>ApiUrl</Filter>
    </ClInclude>
    <ClInclude Include="pch\stdafx.h">
      <Filter>pch</Filter>
    </ClInclude>
    <ClInclude Include="header\RegionalEndpoint.h">
      <Filter>Proxy</Filter>
    </ClInclude>
  </ItemGroup>
  <ItemGroup>
    <ClCompile Include="src\ApiUrl.cpp">
      <Filter>ApiUrl</Filter>
    </ClCompile>
    <ClCompile Include="pch\stdafx.cpp">
      <Filter>pch</Filter>
    </ClCompile>
    <ClCompile Include="src\RegionalEndpoint.cpp">
      <Filter>Proxy</Filter>
    </ClCompile>
  </ItemGroup>
</Project>