<?xml version="1.0" encoding="utf-8"?>
<Project ToolsVersion="4.0" xmlns="http://schemas.microsoft.com/developer/msbuild/2003">
  <ItemGroup>
    <Filter Include="pch">
      <UniqueIdentifier>{30127aa5-9b97-4b28-9133-b7618bdafd08}</UniqueIdentifier>
    </Filter>
    <Filter Include="WebClient">
      <UniqueIdentifier>{5817cbaf-9992-49e4-83a0-9d3974b6fe4f}</UniqueIdentifier>
    </Filter>
    <Filter Include="Main">
      <UniqueIdentifier>{f68dfc63-2ab3-4aaa-bcb4-201b9693f1a6}</UniqueIdentifier>
    </Filter>
    <Filter Include="libcurl">
      <UniqueIdentifier>{4b512e05-fcfe-4775-a49c-48b78e7e4704}</UniqueIdentifier>
    </Filter>
    <Filter Include="libcurl\lib">
      <UniqueIdentifier>{226d7f6d-c7be-4019-88b0-d635b8021803}</UniqueIdentifier>
    </Filter>
    <Filter Include="libcurl\lib\vauth">
      <UniqueIdentifier>{08b49e8b-9ba9-4887-8532-67cc45e8071c}</UniqueIdentifier>
    </Filter>
    <Filter Include="libcurl\lib\vtls">
      <UniqueIdentifier>{72b0f8e4-ea4a-4817-bb09-72e1b09faebd}</UniqueIdentifier>
    </Filter>
    <Filter Include="libcurl\include">
      <UniqueIdentifier>{b24f14cf-1c4c-40fa-bcef-00b3a0960bbc}</UniqueIdentifier>
    </Filter>
    <Filter Include="libcurl\include\curl">
      <UniqueIdentifier>{962e7022-cefc-4e8d-b4b9-4f57709f1429}</UniqueIdentifier>
    </Filter>
    <Filter Include="nlohmann">
      <UniqueIdentifier>{09be8e37-9b5f-4e45-9781-5a106d128511}</UniqueIdentifier>
    </Filter>
    <Filter Include="DB">
      <UniqueIdentifier>{c9e821c3-0f16-47a3-adc1-d015a539499c}</UniqueIdentifier>
    </Filter>
  </ItemGroup>
  <ItemGroup>
    <ClCompile Include="..\external\libcurl\lib\amigaos.c">
      <Filter>libcurl\lib</Filter>
    </ClCompile>
    <ClCompile Include="..\external\libcurl\lib\asyn-ares.c">
      <Filter>libcurl\lib</Filter>
    </ClCompile>
    <ClCompile Include="..\external\libcurl\lib\asyn-thread.c">
      <Filter>libcurl\lib</Filter>
    </ClCompile>
    <ClCompile Include="..\external\libcurl\lib\base64.c">
      <Filter>libcurl\lib</Filter>
    </ClCompile>
    <ClCompile Include="..\external\libcurl\lib\conncache.c">
      <Filter>libcurl\lib</Filter>
    </ClCompile>
    <ClCompile Include="..\external\libcurl\lib\connect.c">
      <Filter>libcurl\lib</Filter>
    </ClCompile>
    <ClCompile Include="..\external\libcurl\lib\content_encoding.c">
      <Filter>libcurl\lib</Filter>
    </ClCompile>
    <ClCompile Include="..\external\libcurl\lib\cookie.c">
      <Filter>libcurl\lib</Filter>
    </ClCompile>
    <ClCompile Include="..\external\libcurl\lib\curl_addrinfo.c">
      <Filter>libcurl\lib</Filter>
    </ClCompile>
    <ClCompile Include="..\external\libcurl\lib\curl_des.c">
      <Filter>libcurl\lib</Filter>
    </ClCompile>
    <ClCompile Include="..\external\libcurl\lib\curl_endian.c">
      <Filter>libcurl\lib</Filter>
    </ClCompile>
    <ClCompile Include="..\external\libcurl\lib\curl_fnmatch.c">
      <Filter>libcurl\lib</Filter>
    </ClCompile>
    <ClCompile Include="..\external\libcurl\lib\curl_gethostname.c">
      <Filter>libcurl\lib</Filter>
    </ClCompile>
    <ClCompile Include="..\external\libcurl\lib\curl_gssapi.c">
      <Filter>libcurl\lib</Filter>
    </ClCompile>
    <ClCompile Include="..\external\libcurl\lib\curl_memrchr.c">
      <Filter>libcurl\lib</Filter>
    </ClCompile>
    <ClCompile Include="..\external\libcurl\lib\curl_multibyte.c">
      <Filter>libcurl\lib</Filter>
    </ClCompile>
    <ClCompile Include="..\external\libcurl\lib\curl_ntlm_core.c">
      <Filter>libcurl\lib</Filter>
    </ClCompile>
    <ClCompile Include="..\external\libcurl\lib\curl_ntlm_wb.c">
      <Filter>libcurl\lib</Filter>
    </ClCompile>
    <ClCompile Include="..\external\libcurl\lib\curl_rtmp.c">
      <Filter>libcurl\lib</Filter>
    </ClCompile>
    <ClCompile Include="..\external\libcurl\lib\curl_sasl.c">
      <Filter>libcurl\lib</Filter>
    </ClCompile>
    <ClCompile Include="..\external\libcurl\lib\curl_sspi.c">
      <Filter>libcurl\lib</Filter>
    </ClCompile>
    <ClCompile Include="..\external\libcurl\lib\curl_threads.c">
      <Filter>libcurl\lib</Filter>
    </ClCompile>
    <ClCompile Include="..\external\libcurl\lib\dict.c">
      <Filter>libcurl\lib</Filter>
    </ClCompile>
    <ClCompile Include="..\external\libcurl\lib\dotdot.c">
      <Filter>libcurl\lib</Filter>
    </ClCompile>
    <ClCompile Include="..\external\libcurl\lib\easy.c">
      <Filter>libcurl\lib</Filter>
    </ClCompile>
    <ClCompile Include="..\external\libcurl\lib\escape.c">
      <Filter>libcurl\lib</Filter>
    </ClCompile>
    <ClCompile Include="..\external\libcurl\lib\file.c">
      <Filter>libcurl\lib</Filter>
    </ClCompile>
    <ClCompile Include="..\external\libcurl\lib\fileinfo.c">
      <Filter>libcurl\lib</Filter>
    </ClCompile>
    <ClCompile Include="..\external\libcurl\lib\formdata.c">
      <Filter>libcurl\lib</Filter>
    </ClCompile>
    <ClCompile Include="..\external\libcurl\lib\ftp.c">
      <Filter>libcurl\lib</Filter>
    </ClCompile>
    <ClCompile Include="..\external\libcurl\lib\ftplistparser.c">
      <Filter>libcurl\lib</Filter>
    </ClCompile>
    <ClCompile Include="..\external\libcurl\lib\getenv.c">
      <Filter>libcurl\lib</Filter>
    </ClCompile>
    <ClCompile Include="..\external\libcurl\lib\getinfo.c">
      <Filter>libcurl\lib</Filter>
    </ClCompile>
    <ClCompile Include="..\external\libcurl\lib\gopher.c">
      <Filter>libcurl\lib</Filter>
    </ClCompile>
    <ClCompile Include="..\external\libcurl\lib\hash.c">
      <Filter>libcurl\lib</Filter>
    </ClCompile>
    <ClCompile Include="..\external\libcurl\lib\hmac.c">
      <Filter>libcurl\lib</Filter>
    </ClCompile>
    <ClCompile Include="..\external\libcurl\lib\hostasyn.c">
      <Filter>libcurl\lib</Filter>
    </ClCompile>
    <ClCompile Include="..\external\libcurl\lib\hostcheck.c">
      <Filter>libcurl\lib</Filter>
    </ClCompile>
    <ClCompile Include="..\external\libcurl\lib\hostip.c">
      <Filter>libcurl\lib</Filter>
    </ClCompile>
    <ClCompile Include="..\external\libcurl\lib\hostip4.c">
      <Filter>libcurl\lib</Filter>
    </ClCompile>
    <ClCompile Include="..\external\libcurl\lib\hostip6.c">
      <Filter>libcurl\lib</Filter>
    </ClCompile>
    <ClCompile Include="..\external\libcurl\lib\hostsyn.c">
      <Filter>libcurl\lib</Filter>
    </ClCompile>
    <ClCompile Include="..\external\libcurl\lib\http.c">
      <Filter>libcurl\lib</Filter>
    </ClCompile>
    <ClCompile Include="..\external\libcurl\lib\http2.c">
      <Filter>libcurl\lib</Filter>
    </ClCompile>
    <ClCompile Include="..\external\libcurl\lib\http_chunks.c">
      <Filter>libcurl\lib</Filter>
    </ClCompile>
    <ClCompile Include="..\external\libcurl\lib\http_digest.c">
      <Filter>libcurl\lib</Filter>
    </ClCompile>
    <ClCompile Include="..\external\libcurl\lib\http_negotiate.c">
      <Filter>libcurl\lib</Filter>
    </ClCompile>
    <ClCompile Include="..\external\libcurl\lib\http_ntlm.c">
      <Filter>libcurl\lib</Filter>
    </ClCompile>
    <ClCompile Include="..\external\libcurl\lib\http_proxy.c">
      <Filter>libcurl\lib</Filter>
    </ClCompile>
    <ClCompile Include="..\external\libcurl\lib\idn_win32.c">
      <Filter>libcurl\lib</Filter>
    </ClCompile>
    <ClCompile Include="..\external\libcurl\lib\if2ip.c">
      <Filter>libcurl\lib</Filter>
    </ClCompile>
    <ClCompile Include="..\external\libcurl\lib\imap.c">
      <Filter>libcurl\lib</Filter>
    </ClCompile>
    <ClCompile Include="..\external\libcurl\lib\inet_ntop.c">
      <Filter>libcurl\lib</Filter>
    </ClCompile>
    <ClCompile Include="..\external\libcurl\lib\inet_pton.c">
      <Filter>libcurl\lib</Filter>
    </ClCompile>
    <ClCompile Include="..\external\libcurl\lib\krb5.c">
      <Filter>libcurl\lib</Filter>
    </ClCompile>
    <ClCompile Include="..\external\libcurl\lib\ldap.c">
      <Filter>libcurl\lib</Filter>
    </ClCompile>
    <ClCompile Include="..\external\libcurl\lib\llist.c">
      <Filter>libcurl\lib</Filter>
    </ClCompile>
    <ClCompile Include="..\external\libcurl\lib\md4.c">
      <Filter>libcurl\lib</Filter>
    </ClCompile>
    <ClCompile Include="..\external\libcurl\lib\md5.c">
      <Filter>libcurl\lib</Filter>
    </ClCompile>
    <ClCompile Include="..\external\libcurl\lib\memdebug.c">
      <Filter>libcurl\lib</Filter>
    </ClCompile>
    <ClCompile Include="..\external\libcurl\lib\mime.c">
      <Filter>libcurl\lib</Filter>
    </ClCompile>
    <ClCompile Include="..\external\libcurl\lib\mprintf.c">
      <Filter>libcurl\lib</Filter>
    </ClCompile>
    <ClCompile Include="..\external\libcurl\lib\multi.c">
      <Filter>libcurl\lib</Filter>
    </ClCompile>
    <ClCompile Include="..\external\libcurl\lib\netrc.c">
      <Filter>libcurl\lib</Filter>
    </ClCompile>
    <ClCompile Include="..\external\libcurl\lib\non-ascii.c">
      <Filter>libcurl\lib</Filter>
    </ClCompile>
    <ClCompile Include="..\external\libcurl\lib\nonblock.c">
      <Filter>libcurl\lib</Filter>
    </ClCompile>
    <ClCompile Include="..\external\libcurl\lib\nwlib.c">
      <Filter>libcurl\lib</Filter>
    </ClCompile>
    <ClCompile Include="..\external\libcurl\lib\nwos.c">
      <Filter>libcurl\lib</Filter>
    </ClCompile>
    <ClCompile Include="..\external\libcurl\lib\openldap.c">
      <Filter>libcurl\lib</Filter>
    </ClCompile>
    <ClCompile Include="..\external\libcurl\lib\parsedate.c">
      <Filter>libcurl\lib</Filter>
    </ClCompile>
    <ClCompile Include="..\external\libcurl\lib\pingpong.c">
      <Filter>libcurl\lib</Filter>
    </ClCompile>
    <ClCompile Include="..\external\libcurl\lib\pipeline.c">
      <Filter>libcurl\lib</Filter>
    </ClCompile>
    <ClCompile Include="..\external\libcurl\lib\pop3.c">
      <Filter>libcurl\lib</Filter>
    </ClCompile>
    <ClCompile Include="..\external\libcurl\lib\progress.c">
      <Filter>libcurl\lib</Filter>
    </ClCompile>
    <ClCompile Include="..\external\libcurl\lib\rand.c">
      <Filter>libcurl\lib</Filter>
    </ClCompile>
    <ClCompile Include="..\external\libcurl\lib\rtsp.c">
      <Filter>libcurl\lib</Filter>
    </ClCompile>
    <ClCompile Include="..\external\libcurl\lib\security.c">
      <Filter>libcurl\lib</Filter>
    </ClCompile>
    <ClCompile Include="..\external\libcurl\lib\select.c">
      <Filter>libcurl\lib</Filter>
    </ClCompile>
    <ClCompile Include="..\external\libcurl\lib\sendf.c">
      <Filter>libcurl\lib</Filter>
    </ClCompile>
    <ClCompile Include="..\external\libcurl\lib\setopt.c">
      <Filter>libcurl\lib</Filter>
    </ClCompile>
    <ClCompile Include="..\external\libcurl\lib\sha256.c">
      <Filter>libcurl\lib</Filter>
    </ClCompile>
    <ClCompile Include="..\external\libcurl\lib\share.c">
      <Filter>libcurl\lib</Filter>
    </ClCompile>
    <ClCompile Include="..\external\libcurl\lib\slist.c">
      <Filter>libcurl\lib</Filter>
    </ClCompile>
    <ClCompile Include="..\external\libcurl\lib\smb.c">
      <Filter>libcurl\lib</Filter>
    </ClCompile>
    <ClCompile Include="..\external\libcurl\lib\smtp.c">
      <Filter>libcurl\lib</Filter>
    </ClCompile>
    <ClCompile Include="..\external\libcurl\lib\socks.c">
      <Filter>libcurl\lib</Filter>
    </ClCompile>
    <ClCompile Include="..\external\libcurl\lib\socks_gssapi.c">
      <Filter>libcurl\lib</Filter>
    </ClCompile>
    <ClCompile Include="..\external\libcurl\lib\socks_sspi.c">
      <Filter>libcurl\lib</Filter>
    </ClCompile>
    <ClCompile Include="..\external\libcurl\lib\speedcheck.c">
      <Filter>libcurl\lib</Filter>
    </ClCompile>
    <ClCompile Include="..\external\libcurl\lib\splay.c">
      <Filter>libcurl\lib</Filter>
    </ClCompile>
    <ClCompile Include="..\external\libcurl\lib\ssh.c">
      <Filter>libcurl\lib</Filter>
    </ClCompile>
    <ClCompile Include="..\external\libcurl\lib\strcase.c">
      <Filter>libcurl\lib</Filter>
    </ClCompile>
    <ClCompile Include="..\external\libcurl\lib\strdup.c">
      <Filter>libcurl\lib</Filter>
    </ClCompile>
    <ClCompile Include="..\external\libcurl\lib\strerror.c">
      <Filter>libcurl\lib</Filter>
    </ClCompile>
    <ClCompile Include="..\external\libcurl\lib\strtok.c">
      <Filter>libcurl\lib</Filter>
    </ClCompile>
    <ClCompile Include="..\external\libcurl\lib\strtoofft.c">
      <Filter>libcurl\lib</Filter>
    </ClCompile>
    <ClCompile Include="..\external\libcurl\lib\system_win32.c">
      <Filter>libcurl\lib</Filter>
    </ClCompile>
    <ClCompile Include="..\external\libcurl\lib\telnet.c">
      <Filter>libcurl\lib</Filter>
    </ClCompile>
    <ClCompile Include="..\external\libcurl\lib\tftp.c">
      <Filter>libcurl\lib</Filter>
    </ClCompile>
    <ClCompile Include="..\external\libcurl\lib\timeval.c">
      <Filter>libcurl\lib</Filter>
    </ClCompile>
    <ClCompile Include="..\external\libcurl\lib\transfer.c">
      <Filter>libcurl\lib</Filter>
    </ClCompile>
    <ClCompile Include="..\external\libcurl\lib\url.c">
      <Filter>libcurl\lib</Filter>
    </ClCompile>
    <ClCompile Include="..\external\libcurl\lib\version.c">
      <Filter>libcurl\lib</Filter>
    </ClCompile>
    <ClCompile Include="..\external\libcurl\lib\warnless.c">
      <Filter>libcurl\lib</Filter>
    </ClCompile>
    <ClCompile Include="..\external\libcurl\lib\wildcard.c">
      <Filter>libcurl\lib</Filter>
    </ClCompile>
    <ClCompile Include="..\external\libcurl\lib\x509asn1.c">
      <Filter>libcurl\lib</Filter>
    </ClCompile>
    <ClCompile Include="..\external\libcurl\lib\vauth\cleartext.c">
      <Filter>libcurl\lib\vauth</Filter>
    </ClCompile>
    <ClCompile Include="..\external\libcurl\lib\vauth\cram.c">
      <Filter>libcurl\lib\vauth</Filter>
    </ClCompile>
    <ClCompile Include="..\external\libcurl\lib\vauth\digest.c">
      <Filter>libcurl\lib\vauth</Filter>
    </ClCompile>
    <ClCompile Include="..\external\libcurl\lib\vauth\digest_sspi.c">
      <Filter>libcurl\lib\vauth</Filter>
    </ClCompile>
    <ClCompile Include="..\external\libcurl\lib\vauth\krb5_gssapi.c">
      <Filter>libcurl\lib\vauth</Filter>
    </ClCompile>
    <ClCompile Include="..\external\libcurl\lib\vauth\krb5_sspi.c">
      <Filter>libcurl\lib\vauth</Filter>
    </ClCompile>
    <ClCompile Include="..\external\libcurl\lib\vauth\ntlm.c">
      <Filter>libcurl\lib\vauth</Filter>
    </ClCompile>
    <ClCompile Include="..\external\libcurl\lib\vauth\ntlm_sspi.c">
      <Filter>libcurl\lib\vauth</Filter>
    </ClCompile>
    <ClCompile Include="..\external\libcurl\lib\vauth\oauth2.c">
      <Filter>libcurl\lib\vauth</Filter>
    </ClCompile>
    <ClCompile Include="..\external\libcurl\lib\vauth\spnego_gssapi.c">
      <Filter>libcurl\lib\vauth</Filter>
    </ClCompile>
    <ClCompile Include="..\external\libcurl\lib\vauth\spnego_sspi.c">
      <Filter>libcurl\lib\vauth</Filter>
    </ClCompile>
    <ClCompile Include="..\external\libcurl\lib\vauth\vauth.c">
      <Filter>libcurl\lib\vauth</Filter>
    </ClCompile>
    <ClCompile Include="..\external\libcurl\lib\vtls\axtls.c">
      <Filter>libcurl\lib\vtls</Filter>
    </ClCompile>
    <ClCompile Include="..\external\libcurl\lib\vtls\cyassl.c">
      <Filter>libcurl\lib\vtls</Filter>
    </ClCompile>
    <ClCompile Include="..\external\libcurl\lib\vtls\darwinssl.c">
      <Filter>libcurl\lib\vtls</Filter>
    </ClCompile>
    <ClCompile Include="..\external\libcurl\lib\vtls\gskit.c">
      <Filter>libcurl\lib\vtls</Filter>
    </ClCompile>
    <ClCompile Include="..\external\libcurl\lib\vtls\gtls.c">
      <Filter>libcurl\lib\vtls</Filter>
    </ClCompile>
    <ClCompile Include="..\external\libcurl\lib\vtls\mbedtls.c">
      <Filter>libcurl\lib\vtls</Filter>
    </ClCompile>
    <ClCompile Include="..\external\libcurl\lib\vtls\nss.c">
      <Filter>libcurl\lib\vtls</Filter>
    </ClCompile>
    <ClCompile Include="..\external\libcurl\lib\vtls\openssl.c">
      <Filter>libcurl\lib\vtls</Filter>
    </ClCompile>
    <ClCompile Include="..\external\libcurl\lib\vtls\polarssl.c">
      <Filter>libcurl\lib\vtls</Filter>
    </ClCompile>
    <ClCompile Include="..\external\libcurl\lib\vtls\polarssl_threadlock.c">
      <Filter>libcurl\lib\vtls</Filter>
    </ClCompile>
    <ClCompile Include="..\external\libcurl\lib\vtls\schannel.c">
      <Filter>libcurl\lib\vtls</Filter>
    </ClCompile>
    <ClCompile Include="..\external\libcurl\lib\vtls\vtls.c">
      <Filter>libcurl\lib\vtls</Filter>
    </ClCompile>
    <ClCompile Include="pch\stdafx.cpp">
      <Filter>pch</Filter>
    </ClCompile>
    <ClCompile Include="src\WebClient.cpp">
      <Filter>WebClient</Filter>
    </ClCompile>
    <ClCompile Include="src\main.cpp">
      <Filter>Main</Filter>
    </ClCompile>
    <ClCompile Include="src\DBConnection.cpp">
      <Filter>DB</Filter>
    </ClCompile>
  </ItemGroup>
  <ItemGroup>
    <ClInclude Include="..\external\libcurl\lib\amigaos.h">
      <Filter>libcurl\lib</Filter>
    </ClInclude>
    <ClInclude Include="..\external\libcurl\lib\arpa_telnet.h">
      <Filter>libcurl\lib</Filter>
    </ClInclude>
    <ClInclude Include="..\external\libcurl\lib\asyn.h">
      <Filter>libcurl\lib</Filter>
    </ClInclude>
    <ClInclude Include="..\external\libcurl\lib\config-amigaos.h">
      <Filter>libcurl\lib</Filter>
    </ClInclude>
    <ClInclude Include="..\external\libcurl\lib\config-dos.h">
      <Filter>libcurl\lib</Filter>
    </ClInclude>
    <ClInclude Include="..\external\libcurl\lib\config-mac.h">
      <Filter>libcurl\lib</Filter>
    </ClInclude>
    <ClInclude Include="..\external\libcurl\lib\config-os400.h">
      <Filter>libcurl\lib</Filter>
    </ClInclude>
    <ClInclude Include="..\external\libcurl\lib\config-riscos.h">
      <Filter>libcurl\lib</Filter>
    </ClInclude>
    <ClInclude Include="..\external\libcurl\lib\config-symbian.h">
      <Filter>libcurl\lib</Filter>
    </ClInclude>
    <ClInclude Include="..\external\libcurl\lib\config-tpf.h">
      <Filter>libcurl\lib</Filter>
    </ClInclude>
    <ClInclude Include="..\external\libcurl\lib\config-vxworks.h">
      <Filter>libcurl\lib</Filter>
    </ClInclude>
    <ClInclude Include="..\external\libcurl\lib\config-win32.h">
      <Filter>libcurl\lib</Filter>
    </ClInclude>
    <ClInclude Include="..\external\libcurl\lib\config-win32ce.h">
      <Filter>libcurl\lib</Filter>
    </ClInclude>
    <ClInclude Include="..\external\libcurl\lib\conncache.h">
      <Filter>libcurl\lib</Filter>
    </ClInclude>
    <ClInclude Include="..\external\libcurl\lib\connect.h">
      <Filter>libcurl\lib</Filter>
    </ClInclude>
    <ClInclude Include="..\external\libcurl\lib\content_encoding.h">
      <Filter>libcurl\lib</Filter>
    </ClInclude>
    <ClInclude Include="..\external\libcurl\lib\cookie.h">
      <Filter>libcurl\lib</Filter>
    </ClInclude>
    <ClInclude Include="..\external\libcurl\lib\curlx.h">
      <Filter>libcurl\lib</Filter>
    </ClInclude>
    <ClInclude Include="..\external\libcurl\lib\curl_addrinfo.h">
      <Filter>libcurl\lib</Filter>
    </ClInclude>
    <ClInclude Include="..\external\libcurl\lib\curl_base64.h">
      <Filter>libcurl\lib</Filter>
    </ClInclude>
    <ClInclude Include="..\external\libcurl\lib\curl_des.h">
      <Filter>libcurl\lib</Filter>
    </ClInclude>
    <ClInclude Include="..\external\libcurl\lib\curl_endian.h">
      <Filter>libcurl\lib</Filter>
    </ClInclude>
    <ClInclude Include="..\external\libcurl\lib\curl_fnmatch.h">
      <Filter>libcurl\lib</Filter>
    </ClInclude>
    <ClInclude Include="..\external\libcurl\lib\curl_gethostname.h">
      <Filter>libcurl\lib</Filter>
    </ClInclude>
    <ClInclude Include="..\external\libcurl\lib\curl_gssapi.h">
      <Filter>libcurl\lib</Filter>
    </ClInclude>
    <ClInclude Include="..\external\libcurl\lib\curl_hmac.h">
      <Filter>libcurl\lib</Filter>
    </ClInclude>
    <ClInclude Include="..\external\libcurl\lib\curl_ldap.h">
      <Filter>libcurl\lib</Filter>
    </ClInclude>
    <ClInclude Include="..\external\libcurl\lib\curl_md4.h">
      <Filter>libcurl\lib</Filter>
    </ClInclude>
    <ClInclude Include="..\external\libcurl\lib\curl_md5.h">
      <Filter>libcurl\lib</Filter>
    </ClInclude>
    <ClInclude Include="..\external\libcurl\lib\curl_memory.h">
      <Filter>libcurl\lib</Filter>
    </ClInclude>
    <ClInclude Include="..\external\libcurl\lib\curl_memrchr.h">
      <Filter>libcurl\lib</Filter>
    </ClInclude>
    <ClInclude Include="..\external\libcurl\lib\curl_multibyte.h">
      <Filter>libcurl\lib</Filter>
    </ClInclude>
    <ClInclude Include="..\external\libcurl\lib\curl_ntlm_core.h">
      <Filter>libcurl\lib</Filter>
    </ClInclude>
    <ClInclude Include="..\external\libcurl\lib\curl_ntlm_wb.h">
      <Filter>libcurl\lib</Filter>
    </ClInclude>
    <ClInclude Include="..\external\libcurl\lib\curl_printf.h">
      <Filter>libcurl\lib</Filter>
    </ClInclude>
    <ClInclude Include="..\external\libcurl\lib\curl_rtmp.h">
      <Filter>libcurl\lib</Filter>
    </ClInclude>
    <ClInclude Include="..\external\libcurl\lib\curl_sasl.h">
      <Filter>libcurl\lib</Filter>
    </ClInclude>
    <ClInclude Include="..\external\libcurl\lib\curl_sec.h">
      <Filter>libcurl\lib</Filter>
    </ClInclude>
    <ClInclude Include="..\external\libcurl\lib\curl_setup.h">
      <Filter>libcurl\lib</Filter>
    </ClInclude>
    <ClInclude Include="..\external\libcurl\lib\curl_setup_once.h">
      <Filter>libcurl\lib</Filter>
    </ClInclude>
    <ClInclude Include="..\external\libcurl\lib\curl_sha256.h">
      <Filter>libcurl\lib</Filter>
    </ClInclude>
    <ClInclude Include="..\external\libcurl\lib\curl_sspi.h">
      <Filter>libcurl\lib</Filter>
    </ClInclude>
    <ClInclude Include="..\external\libcurl\lib\curl_threads.h">
      <Filter>libcurl\lib</Filter>
    </ClInclude>
    <ClInclude Include="..\external\libcurl\lib\dict.h">
      <Filter>libcurl\lib</Filter>
    </ClInclude>
    <ClInclude Include="..\external\libcurl\lib\dotdot.h">
      <Filter>libcurl\lib</Filter>
    </ClInclude>
    <ClInclude Include="..\external\libcurl\lib\easyif.h">
      <Filter>libcurl\lib</Filter>
    </ClInclude>
    <ClInclude Include="..\external\libcurl\lib\escape.h">
      <Filter>libcurl\lib</Filter>
    </ClInclude>
    <ClInclude Include="..\external\libcurl\lib\file.h">
      <Filter>libcurl\lib</Filter>
    </ClInclude>
    <ClInclude Include="..\external\libcurl\lib\fileinfo.h">
      <Filter>libcurl\lib</Filter>
    </ClInclude>
    <ClInclude Include="..\external\libcurl\lib\formdata.h">
      <Filter>libcurl\lib</Filter>
    </ClInclude>
    <ClInclude Include="..\external\libcurl\lib\ftp.h">
      <Filter>libcurl\lib</Filter>
    </ClInclude>
    <ClInclude Include="..\external\libcurl\lib\ftplistparser.h">
      <Filter>libcurl\lib</Filter>
    </ClInclude>
    <ClInclude Include="..\external\libcurl\lib\getinfo.h">
      <Filter>libcurl\lib</Filter>
    </ClInclude>
    <ClInclude Include="..\external\libcurl\lib\gopher.h">
      <Filter>libcurl\lib</Filter>
    </ClInclude>
    <ClInclude Include="..\external\libcurl\lib\hash.h">
      <Filter>libcurl\lib</Filter>
    </ClInclude>
    <ClInclude Include="..\external\libcurl\lib\hostcheck.h">
      <Filter>libcurl\lib</Filter>
    </ClInclude>
    <ClInclude Include="..\external\libcurl\lib\hostip.h">
      <Filter>libcurl\lib</Filter>
    </ClInclude>
    <ClInclude Include="..\external\libcurl\lib\http.h">
      <Filter>libcurl\lib</Filter>
    </ClInclude>
    <ClInclude Include="..\external\libcurl\lib\http2.h">
      <Filter>libcurl\lib</Filter>
    </ClInclude>
    <ClInclude Include="..\external\libcurl\lib\http_chunks.h">
      <Filter>libcurl\lib</Filter>
    </ClInclude>
    <ClInclude Include="..\external\libcurl\lib\http_digest.h">
      <Filter>libcurl\lib</Filter>
    </ClInclude>
    <ClInclude Include="..\external\libcurl\lib\http_negotiate.h">
      <Filter>libcurl\lib</Filter>
    </ClInclude>
    <ClInclude Include="..\external\libcurl\lib\http_ntlm.h">
      <Filter>libcurl\lib</Filter>
    </ClInclude>
    <ClInclude Include="..\external\libcurl\lib\http_proxy.h">
      <Filter>libcurl\lib</Filter>
    </ClInclude>
    <ClInclude Include="..\external\libcurl\lib\if2ip.h">
      <Filter>libcurl\lib</Filter>
    </ClInclude>
    <ClInclude Include="..\external\libcurl\lib\imap.h">
      <Filter>libcurl\lib</Filter>
    </ClInclude>
    <ClInclude Include="..\external\libcurl\lib\inet_ntop.h">
      <Filter>libcurl\lib</Filter>
    </ClInclude>
    <ClInclude Include="..\external\libcurl\lib\inet_pton.h">
      <Filter>libcurl\lib</Filter>
    </ClInclude>
    <ClInclude Include="..\external\libcurl\lib\llist.h">
      <Filter>libcurl\lib</Filter>
    </ClInclude>
    <ClInclude Include="..\external\libcurl\lib\memdebug.h">
      <Filter>libcurl\lib</Filter>
    </ClInclude>
    <ClInclude Include="..\external\libcurl\lib\mime.h">
      <Filter>libcurl\lib</Filter>
    </ClInclude>
    <ClInclude Include="..\external\libcurl\lib\multihandle.h">
      <Filter>libcurl\lib</Filter>
    </ClInclude>
    <ClInclude Include="..\external\libcurl\lib\multiif.h">
      <Filter>libcurl\lib</Filter>
    </ClInclude>
    <ClInclude Include="..\external\libcurl\lib\netrc.h">
      <Filter>libcurl\lib</Filter>
    </ClInclude>
    <ClInclude Include="..\external\libcurl\lib\non-ascii.h">
      <Filter>libcurl\lib</Filter>
    </ClInclude>
    <ClInclude Include="..\external\libcurl\lib\nonblock.h">
      <Filter>libcurl\lib</Filter>
    </ClInclude>
    <ClInclude Include="..\external\libcurl\lib\parsedate.h">
      <Filter>libcurl\lib</Filter>
    </ClInclude>
    <ClInclude Include="..\external\libcurl\lib\pingpong.h">
      <Filter>libcurl\lib</Filter>
    </ClInclude>
    <ClInclude Include="..\external\libcurl\lib\pipeline.h">
      <Filter>libcurl\lib</Filter>
    </ClInclude>
    <ClInclude Include="..\external\libcurl\lib\pop3.h">
      <Filter>libcurl\lib</Filter>
    </ClInclude>
    <ClInclude Include="..\external\libcurl\lib\progress.h">
      <Filter>libcurl\lib</Filter>
    </ClInclude>
    <ClInclude Include="..\external\libcurl\lib\rand.h">
      <Filter>libcurl\lib</Filter>
    </ClInclude>
    <ClInclude Include="..\external\libcurl\lib\rtsp.h">
      <Filter>libcurl\lib</Filter>
    </ClInclude>
    <ClInclude Include="..\external\libcurl\lib\select.h">
      <Filter>libcurl\lib</Filter>
    </ClInclude>
    <ClInclude Include="..\external\libcurl\lib\sendf.h">
      <Filter>libcurl\lib</Filter>
    </ClInclude>
    <ClInclude Include="..\external\libcurl\lib\setopt.h">
      <Filter>libcurl\lib</Filter>
    </ClInclude>
    <ClInclude Include="..\external\libcurl\lib\setup-os400.h">
      <Filter>libcurl\lib</Filter>
    </ClInclude>
    <ClInclude Include="..\external\libcurl\lib\setup-vms.h">
      <Filter>libcurl\lib</Filter>
    </ClInclude>
    <ClInclude Include="..\external\libcurl\lib\share.h">
      <Filter>libcurl\lib</Filter>
    </ClInclude>
    <ClInclude Include="..\external\libcurl\lib\sigpipe.h">
      <Filter>libcurl\lib</Filter>
    </ClInclude>
    <ClInclude Include="..\external\libcurl\lib\slist.h">
      <Filter>libcurl\lib</Filter>
    </ClInclude>
    <ClInclude Include="..\external\libcurl\lib\smb.h">
      <Filter>libcurl\lib</Filter>
    </ClInclude>
    <ClInclude Include="..\external\libcurl\lib\smtp.h">
      <Filter>libcurl\lib</Filter>
    </ClInclude>
    <ClInclude Include="..\external\libcurl\lib\sockaddr.h">
      <Filter>libcurl\lib</Filter>
    </ClInclude>
    <ClInclude Include="..\external\libcurl\lib\socks.h">
      <Filter>libcurl\lib</Filter>
    </ClInclude>
    <ClInclude Include="..\external\libcurl\lib\speedcheck.h">
      <Filter>libcurl\lib</Filter>
    </ClInclude>
    <ClInclude Include="..\external\libcurl\lib\splay.h">
      <Filter>libcurl\lib</Filter>
    </ClInclude>
    <ClInclude Include="..\external\libcurl\lib\ssh.h">
      <Filter>libcurl\lib</Filter>
    </ClInclude>
    <ClInclude Include="..\external\libcurl\lib\strcase.h">
      <Filter>libcurl\lib</Filter>
    </ClInclude>
    <ClInclude Include="..\external\libcurl\lib\strdup.h">
      <Filter>libcurl\lib</Filter>
    </ClInclude>
    <ClInclude Include="..\external\libcurl\lib\strerror.h">
      <Filter>libcurl\lib</Filter>
    </ClInclude>
    <ClInclude Include="..\external\libcurl\lib\strtok.h">
      <Filter>libcurl\lib</Filter>
    </ClInclude>
    <ClInclude Include="..\external\libcurl\lib\strtoofft.h">
      <Filter>libcurl\lib</Filter>
    </ClInclude>
    <ClInclude Include="..\external\libcurl\lib\system_win32.h">
      <Filter>libcurl\lib</Filter>
    </ClInclude>
    <ClInclude Include="..\external\libcurl\lib\telnet.h">
      <Filter>libcurl\lib</Filter>
    </ClInclude>
    <ClInclude Include="..\external\libcurl\lib\tftp.h">
      <Filter>libcurl\lib</Filter>
    </ClInclude>
    <ClInclude Include="..\external\libcurl\lib\timeval.h">
      <Filter>libcurl\lib</Filter>
    </ClInclude>
    <ClInclude Include="..\external\libcurl\lib\transfer.h">
      <Filter>libcurl\lib</Filter>
    </ClInclude>
    <ClInclude Include="..\external\libcurl\lib\url.h">
      <Filter>libcurl\lib</Filter>
    </ClInclude>
    <ClInclude Include="..\external\libcurl\lib\urldata.h">
      <Filter>libcurl\lib</Filter>
    </ClInclude>
    <ClInclude Include="..\external\libcurl\lib\warnless.h">
      <Filter>libcurl\lib</Filter>
    </ClInclude>
    <ClInclude Include="..\external\libcurl\lib\wildcard.h">
      <Filter>libcurl\lib</Filter>
    </ClInclude>
    <ClInclude Include="..\external\libcurl\lib\x509asn1.h">
      <Filter>libcurl\lib</Filter>
    </ClInclude>
    <ClInclude Include="..\external\libcurl\lib\vauth\digest.h">
      <Filter>libcurl\lib\vauth</Filter>
    </ClInclude>
    <ClInclude Include="..\external\libcurl\lib\vauth\ntlm.h">
      <Filter>libcurl\lib\vauth</Filter>
    </ClInclude>
    <ClInclude Include="..\external\libcurl\lib\vauth\vauth.h">
      <Filter>libcurl\lib\vauth</Filter>
    </ClInclude>
    <ClInclude Include="..\external\libcurl\lib\vtls\axtls.h">
      <Filter>libcurl\lib\vtls</Filter>
    </ClInclude>
    <ClInclude Include="..\external\libcurl\lib\vtls\cyassl.h">
      <Filter>libcurl\lib\vtls</Filter>
    </ClInclude>
    <ClInclude Include="..\external\libcurl\lib\vtls\darwinssl.h">
      <Filter>libcurl\lib\vtls</Filter>
    </ClInclude>
    <ClInclude Include="..\external\libcurl\lib\vtls\gskit.h">
      <Filter>libcurl\lib\vtls</Filter>
    </ClInclude>
    <ClInclude Include="..\external\libcurl\lib\vtls\gtls.h">
      <Filter>libcurl\lib\vtls</Filter>
    </ClInclude>
    <ClInclude Include="..\external\libcurl\lib\vtls\mbedtls.h">
      <Filter>libcurl\lib\vtls</Filter>
    </ClInclude>
    <ClInclude Include="..\external\libcurl\lib\vtls\nssg.h">
      <Filter>libcurl\lib\vtls</Filter>
    </ClInclude>
    <ClInclude Include="..\external\libcurl\lib\vtls\openssl.h">
      <Filter>libcurl\lib\vtls</Filter>
    </ClInclude>
    <ClInclude Include="..\external\libcurl\lib\vtls\polarssl.h">
      <Filter>libcurl\lib\vtls</Filter>
    </ClInclude>
    <ClInclude Include="..\external\libcurl\lib\vtls\polarssl_threadlock.h">
      <Filter>libcurl\lib\vtls</Filter>
    </ClInclude>
    <ClInclude Include="..\external\libcurl\lib\vtls\schannel.h">
      <Filter>libcurl\lib\vtls</Filter>
    </ClInclude>
    <ClInclude Include="..\external\libcurl\lib\vtls\vtls.h">
      <Filter>libcurl\lib\vtls</Filter>
    </ClInclude>
    <ClInclude Include="..\external\libcurl\include\curl\curl.h">
      <Filter>libcurl\include\curl</Filter>
    </ClInclude>
    <ClInclude Include="..\external\libcurl\include\curl\curlver.h">
      <Filter>libcurl\include\curl</Filter>
    </ClInclude>
    <ClInclude Include="..\external\libcurl\include\curl\easy.h">
      <Filter>libcurl\include\curl</Filter>
    </ClInclude>
    <ClInclude Include="..\external\libcurl\include\curl\mprintf.h">
      <Filter>libcurl\include\curl</Filter>
    </ClInclude>
    <ClInclude Include="..\external\libcurl\include\curl\multi.h">
      <Filter>libcurl\include\curl</Filter>
    </ClInclude>
    <ClInclude Include="..\external\libcurl\include\curl\stdcheaders.h">
      <Filter>libcurl\include\curl</Filter>
    </ClInclude>
    <ClInclude Include="..\external\libcurl\include\curl\system.h">
      <Filter>libcurl\include\curl</Filter>
    </ClInclude>
    <ClInclude Include="..\external\libcurl\include\curl\typecheck-gcc.h">
      <Filter>libcurl\include\curl</Filter>
    </ClInclude>
    <ClInclude Include="header\WebClient.h">
      <Filter>WebClient</Filter>
    </ClInclude>
    <ClInclude Include="pch\stdafx.h">
      <Filter>pch</Filter>
    </ClInclude>
    <ClInclude Include="..\external\nlohmann\json.hpp">
      <Filter>nlohmann</Filter>
    </ClInclude>
    <ClInclude Include="header\DBConnection.h">
      <Filter>DB</Filter>
    </ClInclude>
  </ItemGroup>
  <ItemGroup>
    <Natvis Include="..\external\nlohmann\nlohmann_json.natvis">
      <Filter>nlohmann</Filter>
    </Natvis>
  </ItemGroup>
</Project>