<?xml version="1.0" encoding="utf-8"?>
<Project ToolsVersion="4.0" xmlns="http://schemas.microsoft.com/developer/msbuild/2003">
  <ItemGroup>
    <Filter Include="FullUrl">
      <UniqueIdentifier>{4b4423e6-d279-484c-8332-ee7f284a981f}</UniqueIdentifier>
    </Filter>
    <Filter Include="etc">
      <UniqueIdentifier>{4027dc42-03a6-49a6-82cf-372259372e9c}</UniqueIdentifier>
    </Filter>
    <Filter Include="Static">
      <UniqueIdentifier>{f12316b5-db81-4503-924b-9b2973146023}</UniqueIdentifier>
    </Filter>
    <Filter Include="pch">
      <UniqueIdentifier>{fca8ab59-0c9b-40f2-9223-3f033e0ee3a9}</UniqueIdentifier>
    </Filter>
    <Filter Include="SubUrl">
      <UniqueIdentifier>{2d198685-1e8d-4f3b-92d6-dd1b6182c3e9}</UniqueIdentifier>
    </Filter>
  </ItemGroup>
  <ItemGroup>
    <ClInclude Include="header\FullUrl.h">
      <Filter>FullUrl</Filter>
    </ClInclude>
    <ClInclude Include="header\ChampionSubUrl.h">
      <Filter>etc</Filter>
    </ClInclude>
    <ClInclude Include="header\RegionalEndpoint.h">
      <Filter>Static</Filter>
    </ClInclude>
    <ClInclude Include="header\ApiType.h">
      <Filter>Static</Filter>
    </ClInclude>
    <ClInclude Include="header\ServerRegion.h">
      <Filter>Static</Filter>
    </ClInclude>
    <ClInclude Include="pch\stdafx.h">
      <Filter>pch</Filter>
    </ClInclude>
    <ClInclude Include="header\SubUrl.h">
      <Filter>SubUrl</Filter>
    </ClInclude>
  </ItemGroup>
  <ItemGroup>
    <ClCompile Include="src\FullUrl.cpp">
      <Filter>FullUrl</Filter>
    </ClCompile>
    <ClCompile Include="src\RegionalEndpoint.cpp">
      <Filter>Static</Filter>
    </ClCompile>
    <ClCompile Include="pch\stdafx.cpp">
      <Filter>pch</Filter>
    </ClCompile>
    <ClCompile Include="src\SubUrl.cpp">
      <Filter>SubUrl</Filter>
    </ClCompile>
  </ItemGroup>
</Project>