
Microsoft Visual Studio Solution File, Format Version 12.00
# Visual Studio 15
VisualStudioVersion = 15.0.27130.2010
MinimumVisualStudioVersion = 10.0.40219.1
Project("{8BC9CEB8-8B4A-11D0-8D11-00A0C91BC942}") = "main", "..\main\main.vcxproj", "{98A70788-70A5-4444-8DA4-FA17CF748F47}"
EndProject
Project("{8BC9CEB8-8B4A-11D0-8D11-00A0C91BC942}") = "libRiotApi", "..\libRiotApi\libRiotApi.vcxproj", "{4D52ED29-36FC-446B-B38D-6D9D9CD7354C}"
EndProject
Global
	GlobalSection(SolutionConfigurationPlatforms) = preSolution
		Debug|ARM = Debug|ARM
		Debug|x64 = Debug|x64
		Debug|x86 = Debug|x86
		Release|ARM = Release|ARM
		Release|x64 = Release|x64
		Release|x86 = Release|x86
	EndGlobalSection
	GlobalSection(ProjectConfigurationPlatforms) = postSolution
		{98A70788-70A5-4444-8DA4-FA17CF748F47}.Debug|ARM.ActiveCfg = Debug|ARM
		{98A70788-70A5-4444-8DA4-FA17CF748F47}.Debug|ARM.Build.0 = Debug|ARM
		{98A70788-70A5-4444-8DA4-FA17CF748F47}.Debug|x64.ActiveCfg = Debug|x64
		{98A70788-70A5-4444-8DA4-FA17CF748F47}.Debug|x64.Build.0 = Debug|x64
		{98A70788-70A5-4444-8DA4-FA17CF748F47}.Debug|x86.ActiveCfg = Debug|x86
		{98A70788-70A5-4444-8DA4-FA17CF748F47}.Debug|x86.Build.0 = Debug|x86
		{98A70788-70A5-4444-8DA4-FA17CF748F47}.Release|ARM.ActiveCfg = Release|ARM
		{98A70788-70A5-4444-8DA4-FA17CF748F47}.Release|ARM.Build.0 = Release|ARM
		{98A70788-70A5-4444-8DA4-FA17CF748F47}.Release|x64.ActiveCfg = Release|x64
		{98A70788-70A5-4444-8DA4-FA17CF748F47}.Release|x64.Build.0 = Release|x64
		{98A70788-70A5-4444-8DA4-FA17CF748F47}.Release|x86.ActiveCfg = Release|x86
		{98A70788-70A5-4444-8DA4-FA17CF748F47}.Release|x86.Build.0 = Release|x86
		{4D52ED29-36FC-446B-B38D-6D9D9CD7354C}.Debug|ARM.ActiveCfg = Debug|ARM
		{4D52ED29-36FC-446B-B38D-6D9D9CD7354C}.Debug|ARM.Build.0 = Debug|ARM
		{4D52ED29-36FC-446B-B38D-6D9D9CD7354C}.Debug|x64.ActiveCfg = Debug|x64
		{4D52ED29-36FC-446B-B38D-6D9D9CD7354C}.Debug|x64.Build.0 = Debug|x64
		{4D52ED29-36FC-446B-B38D-6D9D9CD7354C}.Debug|x86.ActiveCfg = Debug|x86
		{4D52ED29-36FC-446B-B38D-6D9D9CD7354C}.Debug|x86.Build.0 = Debug|x86
		{4D52ED29-36FC-446B-B38D-6D9D9CD7354C}.Release|ARM.ActiveCfg = Release|ARM
		{4D52ED29-36FC-446B-B38D-6D9D9CD7354C}.Release|ARM.Build.0 = Release|ARM
		{4D52ED29-36FC-446B-B38D-6D9D9CD7354C}.Release|x64.ActiveCfg = Release|x64
		{4D52ED29-36FC-446B-B38D-6D9D9CD7354C}.Release|x64.Build.0 = Release|x64
		{4D52ED29-36FC-446B-B38D-6D9D9CD7354C}.Release|x86.ActiveCfg = Release|x86
		{4D52ED29-36FC-446B-B38D-6D9D9CD7354C}.Release|x86.Build.0 = Release|x86
	EndGlobalSection
	GlobalSection(SolutionProperties) = preSolution
		HideSolutionNode = FALSE
	EndGlobalSection
	GlobalSection(ExtensibilityGlobals) = postSolution
		SolutionGuid = {5D11FBB3-5D3C-43AD-9206-F986D2996CE0}
	EndGlobalSection
EndGlobal
