<?xml version="1.0" encoding="utf-8"?>
<Project ToolsVersion="4.0" xmlns="http://schemas.microsoft.com/developer/msbuild/2003">
  <ItemGroup>
    <ClCompile Include="pch\stdafx.cpp">
      <Filter>pch</Filter>
    </ClCompile>
    <ClCompile Include="src\main.cpp">
      <Filter>Main</Filter>
    </ClCompile>
    <ClCompile Include="src\WebServer.cpp">
      <Filter>WebServer</Filter>
    </ClCompile>
  </ItemGroup>
  <ItemGroup>
    <Filter Include="pch">
      <UniqueIdentifier>{4e8e720f-83ae-4f46-b691-7d2b96f29578}</UniqueIdentifier>
    </Filter>
    <Filter Include="Main">
      <UniqueIdentifier>{1a502fd9-268b-41c4-897d-2d1a2f5f54d4}</UniqueIdentifier>
    </Filter>
    <Filter Include="crow">
      <UniqueIdentifier>{65dd63c8-2a4c-4af6-b074-bc66b5f0880f}</UniqueIdentifier>
    </Filter>
    <Filter Include="crow\crow">
      <UniqueIdentifier>{6811006f-a295-4504-a937-f8bc9f2a58ed}</UniqueIdentifier>
    </Filter>
    <Filter Include="WebServer">
      <UniqueIdentifier>{549849be-4c05-4556-a6e0-c5b05c0d1af8}</UniqueIdentifier>
    </Filter>
  </ItemGroup>
  <ItemGroup>
    <ClInclude Include="pch\stdafx.h">
      <Filter>pch</Filter>
    </ClInclude>
    <ClInclude Include="..\..\..\..\crow-master\include\crow.h">
      <Filter>crow</Filter>
    </ClInclude>
    <ClInclude Include="..\..\..\..\crow-master\include\crow\app.h">
      <Filter>crow\crow</Filter>
    </ClInclude>
    <ClInclude Include="..\..\..\..\crow-master\include\crow\ci_map.h">
      <Filter>crow\crow</Filter>
    </ClInclude>
    <ClInclude Include="..\..\..\..\crow-master\include\crow\common.h">
      <Filter>crow\crow</Filter>
    </ClInclude>
    <ClInclude Include="..\..\..\..\crow-master\include\crow\dumb_timer_queue.h">
      <Filter>crow\crow</Filter>
    </ClInclude>
    <ClInclude Include="..\..\..\..\crow-master\include\crow\http_connection.h">
      <Filter>crow\crow</Filter>
    </ClInclude>
    <ClInclude Include="..\..\..\..\crow-master\include\crow\http_parser_merged.h">
      <Filter>crow\crow</Filter>
    </ClInclude>
    <ClInclude Include="..\..\..\..\crow-master\include\crow\http_request.h">
      <Filter>crow\crow</Filter>
    </ClInclude>
    <ClInclude Include="..\..\..\..\crow-master\include\crow\http_response.h">
      <Filter>crow\crow</Filter>
    </ClInclude>
    <ClInclude Include="..\..\..\..\crow-master\include\crow\http_server.h">
      <Filter>crow\crow</Filter>
    </ClInclude>
    <ClInclude Include="..\..\..\..\crow-master\include\crow\json.h">
      <Filter>crow\crow</Filter>
    </ClInclude>
    <ClInclude Include="..\..\..\..\crow-master\include\crow\logging.h">
      <Filter>crow\crow</Filter>
    </ClInclude>
    <ClInclude Include="..\..\..\..\crow-master\include\crow\middleware.h">
      <Filter>crow\crow</Filter>
    </ClInclude>
    <ClInclude Include="..\..\..\..\crow-master\include\crow\middleware_context.h">
      <Filter>crow\crow</Filter>
    </ClInclude>
    <ClInclude Include="..\..\..\..\crow-master\include\crow\mustache.h">
      <Filter>crow\crow</Filter>
    </ClInclude>
    <ClInclude Include="..\..\..\..\crow-master\include\crow\parser.h">
      <Filter>crow\crow</Filter>
    </ClInclude>
    <ClInclude Include="..\..\..\..\crow-master\include\crow\query_string.h">
      <Filter>crow\crow</Filter>
    </ClInclude>
    <ClInclude Include="..\..\..\..\crow-master\include\crow\routing.h">
      <Filter>crow\crow</Filter>
    </ClInclude>
    <ClInclude Include="..\..\..\..\crow-master\include\crow\settings.h">
      <Filter>crow\crow</Filter>
    </ClInclude>
    <ClInclude Include="..\..\..\..\crow-master\include\crow\socket_adaptors.h">
      <Filter>crow\crow</Filter>
    </ClInclude>
    <ClInclude Include="..\..\..\..\crow-master\include\crow\TinySHA1.hpp">
      <Filter>crow\crow</Filter>
    </ClInclude>
    <ClInclude Include="..\..\..\..\crow-master\include\crow\utility.h">
      <Filter>crow\crow</Filter>
    </ClInclude>
    <ClInclude Include="..\..\..\..\crow-master\include\crow\websocket.h">
      <Filter>crow\crow</Filter>
    </ClInclude>
    <ClInclude Include="header\WebServer.h">
      <Filter>WebServer</Filter>
    </ClInclude>
  </ItemGroup>
</Project>